
Microsoft Visual Studio Solution File, Format Version 12.00
# Visual Studio Version 17
VisualStudioVersion = 17.1.32210.238
MinimumVisualStudioVersion = 10.0.40219.1
Project("{9A19103F-16F7-4668-BE54-9A1E7A4F7556}") = "Data", "Data\Data.csproj", "{67385363-6911-4A24-A737-715D7B0C5C53}"
EndProject
Project("{9A19103F-16F7-4668-BE54-9A1E7A4F7556}") = "Logic", "Logic\Logic.csproj", "{7AC7B144-B5D1-40B2-9EE3-10B8ED29F8AD}"
	ProjectSection(ProjectDependencies) = postProject
		{67385363-6911-4A24-A737-715D7B0C5C53} = {67385363-6911-4A24-A737-715D7B0C5C53}
	EndProjectSection
EndProject
Project("{9A19103F-16F7-4668-BE54-9A1E7A4F7556}") = "TestLogic", "TestLogic\TestLogic.csproj", "{2F85F7A5-E74C-4FB6-A668-D6050652D634}"
EndProject
Project("{9A19103F-16F7-4668-BE54-9A1E7A4F7556}") = "View", "Presentation\View.csproj", "{30FF3026-EFC7-4217-9B42-35C02E68A095}"
EndProject
Project("{9A19103F-16F7-4668-BE54-9A1E7A4F7556}") = "ViewModel", "ViewModel\ViewModel.csproj", "{E26BED4C-9C7E-493F-97A1-F053C13168BD}"
EndProject
Project("{9A19103F-16F7-4668-BE54-9A1E7A4F7556}") = "Model", "Model\Model.csproj", "{679A6EE4-7042-4358-95E6-73D060FE2AE4}"
EndProject
Project("{9A19103F-16F7-4668-BE54-9A1E7A4F7556}") = "TestData", "TestData\TestData.csproj", "{F162698E-C9DD-406A-AB96-8DB0A0F82112}"
EndProject
Global
	GlobalSection(SolutionConfigurationPlatforms) = preSolution
		Debug|Any CPU = Debug|Any CPU
		Release|Any CPU = Release|Any CPU
	EndGlobalSection
	GlobalSection(ProjectConfigurationPlatforms) = postSolution
		{67385363-6911-4A24-A737-715D7B0C5C53}.Debug|Any CPU.ActiveCfg = Debug|Any CPU
		{67385363-6911-4A24-A737-715D7B0C5C53}.Debug|Any CPU.Build.0 = Debug|Any CPU
		{67385363-6911-4A24-A737-715D7B0C5C53}.Release|Any CPU.ActiveCfg = Release|Any CPU
		{67385363-6911-4A24-A737-715D7B0C5C53}.Release|Any CPU.Build.0 = Release|Any CPU
		{7AC7B144-B5D1-40B2-9EE3-10B8ED29F8AD}.Debug|Any CPU.ActiveCfg = Debug|Any CPU
		{7AC7B144-B5D1-40B2-9EE3-10B8ED29F8AD}.Debug|Any CPU.Build.0 = Debug|Any CPU
		{7AC7B144-B5D1-40B2-9EE3-10B8ED29F8AD}.Release|Any CPU.ActiveCfg = Release|Any CPU
		{7AC7B144-B5D1-40B2-9EE3-10B8ED29F8AD}.Release|Any CPU.Build.0 = Release|Any CPU
		{2F85F7A5-E74C-4FB6-A668-D6050652D634}.Debug|Any CPU.ActiveCfg = Debug|Any CPU
		{2F85F7A5-E74C-4FB6-A668-D6050652D634}.Debug|Any CPU.Build.0 = Debug|Any CPU
		{2F85F7A5-E74C-4FB6-A668-D6050652D634}.Release|Any CPU.ActiveCfg = Release|Any CPU
		{2F85F7A5-E74C-4FB6-A668-D6050652D634}.Release|Any CPU.Build.0 = Release|Any CPU
		{30FF3026-EFC7-4217-9B42-35C02E68A095}.Debug|Any CPU.ActiveCfg = Debug|Any CPU
		{30FF3026-EFC7-4217-9B42-35C02E68A095}.Debug|Any CPU.Build.0 = Debug|Any CPU
		{30FF3026-EFC7-4217-9B42-35C02E68A095}.Release|Any CPU.ActiveCfg = Release|Any CPU
		{30FF3026-EFC7-4217-9B42-35C02E68A095}.Release|Any CPU.Build.0 = Release|Any CPU
		{E26BED4C-9C7E-493F-97A1-F053C13168BD}.Debug|Any CPU.ActiveCfg = Debug|Any CPU
		{E26BED4C-9C7E-493F-97A1-F053C13168BD}.Debug|Any CPU.Build.0 = Debug|Any CPU
		{E26BED4C-9C7E-493F-97A1-F053C13168BD}.Release|Any CPU.ActiveCfg = Release|Any CPU
		{E26BED4C-9C7E-493F-97A1-F053C13168BD}.Release|Any CPU.Build.0 = Release|Any CPU
		{679A6EE4-7042-4358-95E6-73D060FE2AE4}.Debug|Any CPU.ActiveCfg = Debug|Any CPU
		{679A6EE4-7042-4358-95E6-73D060FE2AE4}.Debug|Any CPU.Build.0 = Debug|Any CPU
		{679A6EE4-7042-4358-95E6-73D060FE2AE4}.Release|Any CPU.ActiveCfg = Release|Any CPU
		{679A6EE4-7042-4358-95E6-73D060FE2AE4}.Release|Any CPU.Build.0 = Release|Any CPU
		{F162698E-C9DD-406A-AB96-8DB0A0F82112}.Debug|Any CPU.ActiveCfg = Debug|Any CPU
		{F162698E-C9DD-406A-AB96-8DB0A0F82112}.Debug|Any CPU.Build.0 = Debug|Any CPU
		{F162698E-C9DD-406A-AB96-8DB0A0F82112}.Release|Any CPU.ActiveCfg = Release|Any CPU
		{F162698E-C9DD-406A-AB96-8DB0A0F82112}.Release|Any CPU.Build.0 = Release|Any CPU
	EndGlobalSection
	GlobalSection(SolutionProperties) = preSolution
		HideSolutionNode = FALSE
	EndGlobalSection
	GlobalSection(ExtensibilityGlobals) = postSolution
		SolutionGuid = {47BA6677-F258-4760-9C27-9427F4F7A0DF}
	EndGlobalSection
EndGlobal
