
Microsoft Visual Studio Solution File, Format Version 12.00
# Visual Studio Version 17
VisualStudioVersion = 17.1.32319.34
MinimumVisualStudioVersion = 10.0.40219.1
Project("{9A19103F-16F7-4668-BE54-9A1E7A4F7556}") = "Etap_0", "Etap_0\Etap_0.csproj", "{EAAC7159-8233-475F-A8CF-3CE392FB3797}"
EndProject
Project("{FAE04EC0-301F-11D3-BF4B-00C04F79EFBC}") = "TestProject1", "TestProject1\TestProject1.csproj", "{95CC7D39-89AF-470B-8E70-055FFD5B8CAC}"
EndProject
Global
	GlobalSection(SolutionConfigurationPlatforms) = preSolution
		Debug|Any CPU = Debug|Any CPU
		Release|Any CPU = Release|Any CPU
	EndGlobalSection
	GlobalSection(ProjectConfigurationPlatforms) = postSolution
		{EAAC7159-8233-475F-A8CF-3CE392FB3797}.Debug|Any CPU.ActiveCfg = Debug|Any CPU
		{EAAC7159-8233-475F-A8CF-3CE392FB3797}.Debug|Any CPU.Build.0 = Debug|Any CPU
		{EAAC7159-8233-475F-A8CF-3CE392FB3797}.Release|Any CPU.ActiveCfg = Release|Any CPU
		{EAAC7159-8233-475F-A8CF-3CE392FB3797}.Release|Any CPU.Build.0 = Release|Any CPU
		{95CC7D39-89AF-470B-8E70-055FFD5B8CAC}.Debug|Any CPU.ActiveCfg = Debug|Any CPU
		{95CC7D39-89AF-470B-8E70-055FFD5B8CAC}.Debug|Any CPU.Build.0 = Debug|Any CPU
		{95CC7D39-89AF-470B-8E70-055FFD5B8CAC}.Release|Any CPU.ActiveCfg = Release|Any CPU
		{95CC7D39-89AF-470B-8E70-055FFD5B8CAC}.Release|Any CPU.Build.0 = Release|Any CPU
	EndGlobalSection
	GlobalSection(SolutionProperties) = preSolution
		HideSolutionNode = FALSE
	EndGlobalSection
	GlobalSection(ExtensibilityGlobals) = postSolution
		SolutionGuid = {DB88C22D-4B31-4B83-BD8F-647DA085E7A8}
	EndGlobalSection
EndGlobal
